// !$*UTF8*$!
{
	archiveVersion = 1;
	classes = {
	};
	objectVersion = 46;
	objects = {

/* Begin PBXBuildFile section */
		456858431F351D4C00DFE253 /* AppDelegate.swift in Sources */ = {isa = PBXBuildFile; fileRef = 456858421F351D4C00DFE253 /* AppDelegate.swift */; };
		456858451F351D4C00DFE253 /* MainVC.swift in Sources */ = {isa = PBXBuildFile; fileRef = 456858441F351D4C00DFE253 /* MainVC.swift */; };
		456858481F351D4C00DFE253 /* Main.storyboard in Resources */ = {isa = PBXBuildFile; fileRef = 456858461F351D4C00DFE253 /* Main.storyboard */; };
		4568584A1F351D4C00DFE253 /* Assets.xcassets in Resources */ = {isa = PBXBuildFile; fileRef = 456858491F351D4C00DFE253 /* Assets.xcassets */; };
		4568584D1F351D4C00DFE253 /* LaunchScreen.storyboard in Resources */ = {isa = PBXBuildFile; fileRef = 4568584B1F351D4C00DFE253 /* LaunchScreen.storyboard */; };
		456858591F3525A500DFE253 /* still time.ttf in Resources */ = {isa = PBXBuildFile; fileRef = 456858581F3525A500DFE253 /* still time.ttf */; };
		4568585B1F35270300DFE253 /* VideoVC.swift in Sources */ = {isa = PBXBuildFile; fileRef = 4568585A1F35270300DFE253 /* VideoVC.swift */; };
		4568585D1F3528DF00DFE253 /* PartyCell.swift in Sources */ = {isa = PBXBuildFile; fileRef = 4568585C1F3528DF00DFE253 /* PartyCell.swift */; };
		4568585F1F352AD300DFE253 /* PartyRock.swift in Sources */ = {isa = PBXBuildFile; fileRef = 4568585E1F352AD300DFE253 /* PartyRock.swift */; };
/* End PBXBuildFile section */

/* Begin PBXFileReference section */
		4568583F1F351D4C00DFE253 /* Party Rock App.app */ = {isa = PBXFileReference; explicitFileType = wrapper.application; includeInIndex = 0; path = "Party Rock App.app"; sourceTree = BUILT_PRODUCTS_DIR; };
		456858421F351D4C00DFE253 /* AppDelegate.swift */ = {isa = PBXFileReference; lastKnownFileType = sourcecode.swift; path = AppDelegate.swift; sourceTree = "<group>"; };
		456858441F351D4C00DFE253 /* MainVC.swift */ = {isa = PBXFileReference; lastKnownFileType = sourcecode.swift; path = MainVC.swift; sourceTree = "<group>"; };
		456858471F351D4C00DFE253 /* Base */ = {isa = PBXFileReference; lastKnownFileType = file.storyboard; name = Base; path = Base.lproj/Main.storyboard; sourceTree = "<group>"; };
		456858491F351D4C00DFE253 /* Assets.xcassets */ = {isa = PBXFileReference; lastKnownFileType = folder.assetcatalog; path = Assets.xcassets; sourceTree = "<group>"; };
		4568584C1F351D4C00DFE253 /* Base */ = {isa = PBXFileReference; lastKnownFileType = file.storyboard; name = Base; path = Base.lproj/LaunchScreen.storyboard; sourceTree = "<group>"; };
		4568584E1F351D4C00DFE253 /* Info.plist */ = {isa = PBXFileReference; lastKnownFileType = text.plist.xml; path = Info.plist; sourceTree = "<group>"; };
		456858581F3525A500DFE253 /* still time.ttf */ = {isa = PBXFileReference; lastKnownFileType = file; name = "still time.ttf"; path = "../../still_time/still time.ttf"; sourceTree = "<group>"; };
		4568585A1F35270300DFE253 /* VideoVC.swift */ = {isa = PBXFileReference; fileEncoding = 4; lastKnownFileType = sourcecode.swift; path = VideoVC.swift; sourceTree = "<group>"; };
		4568585C1F3528DF00DFE253 /* PartyCell.swift */ = {isa = PBXFileReference; fileEncoding = 4; lastKnownFileType = sourcecode.swift; path = PartyCell.swift; sourceTree = "<group>"; };
		4568585E1F352AD300DFE253 /* PartyRock.swift */ = {isa = PBXFileReference; fileEncoding = 4; lastKnownFileType = sourcecode.swift; path = PartyRock.swift; sourceTree = "<group>"; };
/* End PBXFileReference section */

/* Begin PBXFrameworksBuildPhase section */
		4568583C1F351D4C00DFE253 /* Frameworks */ = {
			isa = PBXFrameworksBuildPhase;
			buildActionMask = 2147483647;
			files = (
			);
			runOnlyForDeploymentPostprocessing = 0;
		};
/* End PBXFrameworksBuildPhase section */

/* Begin PBXGroup section */
		456858361F351D4C00DFE253 = {
			isa = PBXGroup;
			children = (
				456858411F351D4C00DFE253 /* Party Rock App */,
				456858401F351D4C00DFE253 /* Products */,
			);
			sourceTree = "<group>";
		};
		456858401F351D4C00DFE253 /* Products */ = {
			isa = PBXGroup;
			children = (
				4568583F1F351D4C00DFE253 /* Party Rock App.app */,
			);
			name = Products;
			sourceTree = "<group>";
		};
		456858411F351D4C00DFE253 /* Party Rock App */ = {
			isa = PBXGroup;
			children = (
				456858571F35259300DFE253 /* Files */,
				456858561F351D7300DFE253 /* Controller */,
				456858551F351D6800DFE253 /* View */,
				456858541F351D5900DFE253 /* Model */,
				456858421F351D4C00DFE253 /* AppDelegate.swift */,
				456858461F351D4C00DFE253 /* Main.storyboard */,
				456858491F351D4C00DFE253 /* Assets.xcassets */,
				4568584B1F351D4C00DFE253 /* LaunchScreen.storyboard */,
				4568584E1F351D4C00DFE253 /* Info.plist */,
			);
			path = "Party Rock App";
			sourceTree = "<group>";
		};
		456858541F351D5900DFE253 /* Model */ = {
			isa = PBXGroup;
			children = (
				4568585E1F352AD300DFE253 /* PartyRock.swift */,
			);
			name = Model;
			sourceTree = "<group>";
		};
		456858551F351D6800DFE253 /* View */ = {
			isa = PBXGroup;
			children = (
				4568585C1F3528DF00DFE253 /* PartyCell.swift */,
			);
			name = View;
			sourceTree = "<group>";
		};
		456858561F351D7300DFE253 /* Controller */ = {
			isa = PBXGroup;
			children = (
				456858441F351D4C00DFE253 /* MainVC.swift */,
				4568585A1F35270300DFE253 /* VideoVC.swift */,
			);
			name = Controller;
			sourceTree = "<group>";
		};
		456858571F35259300DFE253 /* Files */ = {
			isa = PBXGroup;
			children = (
				456858581F3525A500DFE253 /* still time.ttf */,
			);
			name = Files;
			sourceTree = "<group>";
		};
/* End PBXGroup section */

/* Begin PBXNativeTarget section */
		4568583E1F351D4C00DFE253 /* Party Rock App */ = {
			isa = PBXNativeTarget;
			buildConfigurationList = 456858511F351D4C00DFE253 /* Build configuration list for PBXNativeTarget "Party Rock App" */;
			buildPhases = (
				4568583B1F351D4C00DFE253 /* Sources */,
				4568583C1F351D4C00DFE253 /* Frameworks */,
				4568583D1F351D4C00DFE253 /* Resources */,
			);
			buildRules = (
			);
			dependencies = (
			);
			name = "Party Rock App";
			productName = "Party Rock App";
			productReference = 4568583F1F351D4C00DFE253 /* Party Rock App.app */;
			productType = "com.apple.product-type.application";
		};
/* End PBXNativeTarget section */

/* Begin PBXProject section */
		456858371F351D4C00DFE253 /* Project object */ = {
			isa = PBXProject;
			attributes = {
				LastSwiftUpdateCheck = 0830;
				LastUpgradeCheck = 0830;
				ORGANIZATIONNAME = rquispe;
				TargetAttributes = {
					4568583E1F351D4C00DFE253 = {
						CreatedOnToolsVersion = 8.3.3;
						DevelopmentTeam = AE47H99V7T;
						ProvisioningStyle = Automatic;
					};
				};
			};
			buildConfigurationList = 4568583A1F351D4C00DFE253 /* Build configuration list for PBXProject "Party Rock App" */;
			compatibilityVersion = "Xcode 3.2";
			developmentRegion = English;
			hasScannedForEncodings = 0;
			knownRegions = (
				en,
				Base,
			);
			mainGroup = 456858361F351D4C00DFE253;
			productRefGroup = 456858401F351D4C00DFE253 /* Products */;
			projectDirPath = "";
			projectRoot = "";
			targets = (
				4568583E1F351D4C00DFE253 /* Party Rock App */,
			);
		};
/* End PBXProject section */

/* Begin PBXResourcesBuildPhase section */
		4568583D1F351D4C00DFE253 /* Resources */ = {
			isa = PBXResourcesBuildPhase;
			buildActionMask = 2147483647;
			files = (
				4568584D1F351D4C00DFE253 /* LaunchScreen.storyboard in Resources */,
				456858591F3525A500DFE253 /* still time.ttf in Resources */,
				4568584A1F351D4C00DFE253 /* Assets.xcassets in Resources */,
				456858481F351D4C00DFE253 /* Main.storyboard in Resources */,
			);
			runOnlyForDeploymentPostprocessing = 0;
		};
/* End PBXResourcesBuildPhase section */

/* Begin PBXSourcesBuildPhase section */
		4568583B1F351D4C00DFE253 /* Sources */ = {
			isa = PBXSourcesBuildPhase;
			buildActionMask = 2147483647;
			files = (
				4568585B1F35270300DFE253 /* VideoVC.swift in Sources */,
				456858451F351D4C00DFE253 /* MainVC.swift in Sources */,
				4568585F1F352AD300DFE253 /* PartyRock.swift in Sources */,
				4568585D1F3528DF00DFE253 /* PartyCell.swift in Sources */,
				456858431F351D4C00DFE253 /* AppDelegate.swift in Sources */,
			);
			runOnlyForDeploymentPostprocessing = 0;
		};
/* End PBXSourcesBuildPhase section */

/* Begin PBXVariantGroup section */
		456858461F351D4C00DFE253 /* Main.storyboard */ = {
			isa = PBXVariantGroup;
			children = (
				456858471F351D4C00DFE253 /* Base */,
			);
			name = Main.storyboard;
			sourceTree = "<group>";
		};
		4568584B1F351D4C00DFE253 /* LaunchScreen.storyboard */ = {
			isa = PBXVariantGroup;
			children = (
				4568584C1F351D4C00DFE253 /* Base */,
			);
			name = LaunchScreen.storyboard;
			sourceTree = "<group>";
		};
/* End PBXVariantGroup section */

/* Begin XCBuildConfiguration section */
		4568584F1F351D4C00DFE253 /* Debug */ = {
			isa = XCBuildConfiguration;
			buildSettings = {
				ALWAYS_SEARCH_USER_PATHS = NO;
				CLANG_ANALYZER_NONNULL = YES;
				CLANG_ANALYZER_NUMBER_OBJECT_CONVERSION = YES_AGGRESSIVE;
				CLANG_CXX_LANGUAGE_STANDARD = "gnu++0x";
				CLANG_CXX_LIBRARY = "libc++";
				CLANG_ENABLE_MODULES = YES;
				CLANG_ENABLE_OBJC_ARC = YES;
				CLANG_WARN_BOOL_CONVERSION = YES;
				CLANG_WARN_CONSTANT_CONVERSION = YES;
				CLANG_WARN_DIRECT_OBJC_ISA_USAGE = YES_ERROR;
				CLANG_WARN_DOCUMENTATION_COMMENTS = YES;
				CLANG_WARN_EMPTY_BODY = YES;
				CLANG_WARN_ENUM_CONVERSION = YES;
				CLANG_WARN_INFINITE_RECURSION = YES;
				CLANG_WARN_INT_CONVERSION = YES;
				CLANG_WARN_OBJC_ROOT_CLASS = YES_ERROR;
				CLANG_WARN_SUSPICIOUS_MOVE = YES;
				CLANG_WARN_UNREACHABLE_CODE = YES;
				CLANG_WARN__DUPLICATE_METHOD_MATCH = YES;
				"CODE_SIGN_IDENTITY[sdk=iphoneos*]" = "iPhone Developer";
				COPY_PHASE_STRIP = NO;
				DEBUG_INFORMATION_FORMAT = dwarf;
				ENABLE_STRICT_OBJC_MSGSEND = YES;
				ENABLE_TESTABILITY = YES;
				GCC_C_LANGUAGE_STANDARD = gnu99;
				GCC_DYNAMIC_NO_PIC = NO;
				GCC_NO_COMMON_BLOCKS = YES;
				GCC_OPTIMIZATION_LEVEL = 0;
				GCC_PREPROCESSOR_DEFINITIONS = (
					"DEBUG=1",
					"$(inherited)",
				);
				GCC_WARN_64_TO_32_BIT_CONVERSION = YES;
				GCC_WARN_ABOUT_RETURN_TYPE = YES_ERROR;
				GCC_WARN_UNDECLARED_SELECTOR = YES;
				GCC_WARN_UNINITIALIZED_AUTOS = YES_AGGRESSIVE;
				GCC_WARN_UNUSED_FUNCTION = YES;
				GCC_WARN_UNUSED_VARIABLE = YES;
				IPHONEOS_DEPLOYMENT_TARGET = 10.3;
				MTL_ENABLE_DEBUG_INFO = YES;
				ONLY_ACTIVE_ARCH = YES;
				SDKROOT = iphoneos;
				SWIFT_ACTIVE_COMPILATION_CONDITIONS = DEBUG;
				SWIFT_OPTIMIZATION_LEVEL = "-Onone";
			};
			name = Debug;
		};
		456858501F351D4C00DFE253 /* Release */ = {
			isa = XCBuildConfiguration;
			buildSettings = {
				ALWAYS_SEARCH_USER_PATHS = NO;
				CLANG_ANALYZER_NONNULL = YES;
				CLANG_ANALYZER_NUMBER_OBJECT_CONVERSION = YES_AGGRESSIVE;
				CLANG_CXX_LANGUAGE_STANDARD = "gnu++0x";
				CLANG_CXX_LIBRARY = "libc++";
				CLANG_ENABLE_MODULES = YES;
				CLANG_ENABLE_OBJC_ARC = YES;
				CLANG_WARN_BOOL_CONVERSION = YES;
				CLANG_WARN_CONSTANT_CONVERSION = YES;
				CLANG_WARN_DIRECT_OBJC_ISA_USAGE = YES_ERROR;
				CLANG_WARN_DOCUMENTATION_COMMENTS = YES;
				CLANG_WARN_EMPTY_BODY = YES;
				CLANG_WARN_ENUM_CONVERSION = YES;
				CLANG_WARN_INFINITE_RECURSION = YES;
				CLANG_WARN_INT_CONVERSION = YES;
				CLANG_WARN_OBJC_ROOT_CLASS = YES_ERROR;
				CLANG_WARN_SUSPICIOUS_MOVE = YES;
				CLANG_WARN_UNREACHABLE_CODE = YES;
				CLANG_WARN__DUPLICATE_METHOD_MATCH = YES;
				"CODE_SIGN_IDENTITY[sdk=iphoneos*]" = "iPhone Developer";
				COPY_PHASE_STRIP = NO;
				DEBUG_INFORMATION_FORMAT = "dwarf-with-dsym";
				ENABLE_NS_ASSERTIONS = NO;
				ENABLE_STRICT_OBJC_MSGSEND = YES;
				GCC_C_LANGUAGE_STANDARD = gnu99;
				GCC_NO_COMMON_BLOCKS = YES;
				GCC_WARN_64_TO_32_BIT_CONVERSION = YES;
				GCC_WARN_ABOUT_RETURN_TYPE = YES_ERROR;
				GCC_WARN_UNDECLARED_SELECTOR = YES;
				GCC_WARN_UNINITIALIZED_AUTOS = YES_AGGRESSIVE;
				GCC_WARN_UNUSED_FUNCTION = YES;
				GCC_WARN_UNUSED_VARIABLE = YES;
				IPHONEOS_DEPLOYMENT_TARGET = 10.3;
				MTL_ENABLE_DEBUG_INFO = NO;
				SDKROOT = iphoneos;
				SWIFT_OPTIMIZATION_LEVEL = "-Owholemodule";
				VALIDATE_PRODUCT = YES;
			};
			name = Release;
		};
		456858521F351D4C00DFE253 /* Debug */ = {
			isa = XCBuildConfiguration;
			buildSettings = {
				ASSETCATALOG_COMPILER_APPICON_NAME = AppIcon;
				DEVELOPMENT_TEAM = AE47H99V7T;
				INFOPLIST_FILE = "Party Rock App/Info.plist";
				LD_RUNPATH_SEARCH_PATHS = "$(inherited) @executable_path/Frameworks";
				PRODUCT_BUNDLE_IDENTIFIER = "com.rquispe.Party-Rock-App";
				PRODUCT_NAME = "$(TARGET_NAME)";
				SWIFT_VERSION = 3.0;
			};
			name = Debug;
		};
		456858531F351D4C00DFE253 /* Release */ = {
			isa = XCBuildConfiguration;
			buildSettings = {
				ASSETCATALOG_COMPILER_APPICON_NAME = AppIcon;
				DEVELOPMENT_TEAM = AE47H99V7T;
				INFOPLIST_FILE = "Party Rock App/Info.plist";
				LD_RUNPATH_SEARCH_PATHS = "$(inherited) @executable_path/Frameworks";
				PRODUCT_BUNDLE_IDENTIFIER = "com.rquispe.Party-Rock-App";
				PRODUCT_NAME = "$(TARGET_NAME)";
				SWIFT_VERSION = 3.0;
			};
			name = Release;
		};
/* End XCBuildConfiguration section */

/* Begin XCConfigurationList section */
		4568583A1F351D4C00DFE253 /* Build configuration list for PBXProject "Party Rock App" */ = {
			isa = XCConfigurationList;
			buildConfigurations = (
				4568584F1F351D4C00DFE253 /* Debug */,
				456858501F351D4C00DFE253 /* Release */,
			);
			defaultConfigurationIsVisible = 0;
			defaultConfigurationName = Release;
		};
		456858511F351D4C00DFE253 /* Build configuration list for PBXNativeTarget "Party Rock App" */ = {
			isa = XCConfigurationList;
			buildConfigurations = (
				456858521F351D4C00DFE253 /* Debug */,
				456858531F351D4C00DFE253 /* Release */,
			);
			defaultConfigurationIsVisible = 0;
		};
/* End XCConfigurationList section */
	};
	rootObject = 456858371F351D4C00DFE253 /* Project object */;
}
